
Microsoft Visual Studio Solution File, Format Version 12.00
# Visual Studio Version 16
VisualStudioVersion = 16.0.29728.190
MinimumVisualStudioVersion = 10.0.40219.1
Project("{FAE04EC0-301F-11D3-BF4B-00C04F79EFBC}") = "MVVMPracticePrism", "MVVMPracticePrism\MVVMPracticePrism.csproj", "{6F9AC539-295B-429C-9B2E-10B6BB355A64}"
EndProject
Global
	GlobalSection(SolutionConfigurationPlatforms) = preSolution
		Debug|Any CPU = Debug|Any CPU
		Release|Any CPU = Release|Any CPU
	EndGlobalSection
	GlobalSection(ProjectConfigurationPlatforms) = postSolution
		{6F9AC539-295B-429C-9B2E-10B6BB355A64}.Debug|Any CPU.ActiveCfg = Debug|Any CPU
		{6F9AC539-295B-429C-9B2E-10B6BB355A64}.Debug|Any CPU.Build.0 = Debug|Any CPU
		{6F9AC539-295B-429C-9B2E-10B6BB355A64}.Release|Any CPU.ActiveCfg = Release|Any CPU
		{6F9AC539-295B-429C-9B2E-10B6BB355A64}.Release|Any CPU.Build.0 = Release|Any CPU
	EndGlobalSection
	GlobalSection(SolutionProperties) = preSolution
		HideSolutionNode = FALSE
	EndGlobalSection
	GlobalSection(ExtensibilityGlobals) = postSolution
		SolutionGuid = {DE2B8FA7-3A39-457F-A09E-3DC268473B08}
	EndGlobalSection
EndGlobal
